
Microsoft Visual Studio Solution File, Format Version 12.00
# Visual Studio 15
VisualStudioVersion = 15.0.26730.15
MinimumVisualStudioVersion = 10.0.40219.1
Project("{A07B5EB6-E848-4116-A8D0-A826331D98C6}") = "SvcFabricDinnerDemo", "SvcFabricDinnerDemo\SvcFabricDinnerDemo.sfproj", "{A92E480A-DC3F-4E03-A13C-21EED7E2F7CC}"
EndProject
Project("{9A19103F-16F7-4668-BE54-9A1E7A4F7556}") = "SvcFabricDinnerDemo.DinnerPlatform", "SvcFabricDinnerDemo.DinnerPlatform\SvcFabricDinnerDemo.DinnerPlatform.csproj", "{46A90CB6-F3F9-42F2-9780-16275908D0C4}"
EndProject
Project("{FAE04EC0-301F-11D3-BF4B-00C04F79EFBC}") = "SvcFabricDinnerDemo.RestaurantService", "SvcFabricDinnerDemo.RestaurantService\SvcFabricDinnerDemo.RestaurantService.csproj", "{8205C7ED-6E07-40FC-A5C6-238A9484CA57}"
EndProject
Project("{FAE04EC0-301F-11D3-BF4B-00C04F79EFBC}") = "SvcFabricDinnerDemo.RestaurantService.Interfaces", "SvcFabricDinnerDemo.RestaurantService.Interfaces\SvcFabricDinnerDemo.RestaurantService.Interfaces.csproj", "{66FC8A86-D948-45C0-A546-F3AB0D6AE3B1}"
EndProject
Global
	GlobalSection(SolutionConfigurationPlatforms) = preSolution
		Debug|Any CPU = Debug|Any CPU
		Debug|x64 = Debug|x64
		Release|Any CPU = Release|Any CPU
		Release|x64 = Release|x64
	EndGlobalSection
	GlobalSection(ProjectConfigurationPlatforms) = postSolution
		{A92E480A-DC3F-4E03-A13C-21EED7E2F7CC}.Debug|Any CPU.ActiveCfg = Debug|x64
		{A92E480A-DC3F-4E03-A13C-21EED7E2F7CC}.Debug|x64.ActiveCfg = Debug|x64
		{A92E480A-DC3F-4E03-A13C-21EED7E2F7CC}.Debug|x64.Build.0 = Debug|x64
		{A92E480A-DC3F-4E03-A13C-21EED7E2F7CC}.Debug|x64.Deploy.0 = Debug|x64
		{A92E480A-DC3F-4E03-A13C-21EED7E2F7CC}.Release|Any CPU.ActiveCfg = Release|x64
		{A92E480A-DC3F-4E03-A13C-21EED7E2F7CC}.Release|x64.ActiveCfg = Release|x64
		{A92E480A-DC3F-4E03-A13C-21EED7E2F7CC}.Release|x64.Build.0 = Release|x64
		{A92E480A-DC3F-4E03-A13C-21EED7E2F7CC}.Release|x64.Deploy.0 = Release|x64
		{46A90CB6-F3F9-42F2-9780-16275908D0C4}.Debug|Any CPU.ActiveCfg = Debug|Any CPU
		{46A90CB6-F3F9-42F2-9780-16275908D0C4}.Debug|Any CPU.Build.0 = Debug|Any CPU
		{46A90CB6-F3F9-42F2-9780-16275908D0C4}.Debug|x64.ActiveCfg = Debug|Any CPU
		{46A90CB6-F3F9-42F2-9780-16275908D0C4}.Debug|x64.Build.0 = Debug|Any CPU
		{46A90CB6-F3F9-42F2-9780-16275908D0C4}.Release|Any CPU.ActiveCfg = Release|Any CPU
		{46A90CB6-F3F9-42F2-9780-16275908D0C4}.Release|Any CPU.Build.0 = Release|Any CPU
		{46A90CB6-F3F9-42F2-9780-16275908D0C4}.Release|x64.ActiveCfg = Release|Any CPU
		{46A90CB6-F3F9-42F2-9780-16275908D0C4}.Release|x64.Build.0 = Release|Any CPU
		{8205C7ED-6E07-40FC-A5C6-238A9484CA57}.Debug|Any CPU.ActiveCfg = Debug|x64
		{8205C7ED-6E07-40FC-A5C6-238A9484CA57}.Debug|x64.ActiveCfg = Debug|x64
		{8205C7ED-6E07-40FC-A5C6-238A9484CA57}.Debug|x64.Build.0 = Debug|x64
		{8205C7ED-6E07-40FC-A5C6-238A9484CA57}.Release|Any CPU.ActiveCfg = Release|x64
		{8205C7ED-6E07-40FC-A5C6-238A9484CA57}.Release|x64.ActiveCfg = Release|x64
		{8205C7ED-6E07-40FC-A5C6-238A9484CA57}.Release|x64.Build.0 = Release|x64
		{66FC8A86-D948-45C0-A546-F3AB0D6AE3B1}.Debug|Any CPU.ActiveCfg = Debug|Any CPU
		{66FC8A86-D948-45C0-A546-F3AB0D6AE3B1}.Debug|Any CPU.Build.0 = Debug|Any CPU
		{66FC8A86-D948-45C0-A546-F3AB0D6AE3B1}.Debug|x64.ActiveCfg = Debug|Any CPU
		{66FC8A86-D948-45C0-A546-F3AB0D6AE3B1}.Debug|x64.Build.0 = Debug|Any CPU
		{66FC8A86-D948-45C0-A546-F3AB0D6AE3B1}.Release|Any CPU.ActiveCfg = Release|Any CPU
		{66FC8A86-D948-45C0-A546-F3AB0D6AE3B1}.Release|Any CPU.Build.0 = Release|Any CPU
		{66FC8A86-D948-45C0-A546-F3AB0D6AE3B1}.Release|x64.ActiveCfg = Release|Any CPU
		{66FC8A86-D948-45C0-A546-F3AB0D6AE3B1}.Release|x64.Build.0 = Release|Any CPU
	EndGlobalSection
	GlobalSection(SolutionProperties) = preSolution
		HideSolutionNode = FALSE
	EndGlobalSection
	GlobalSection(ExtensibilityGlobals) = postSolution
		SolutionGuid = {77BC9B1C-AE59-46DA-8F33-7E195B018B13}
	EndGlobalSection
EndGlobal
